
Microsoft Visual Studio Solution File, Format Version 12.00
# Visual Studio Version 16
VisualStudioVersion = 16.0.32002.261
MinimumVisualStudioVersion = 10.0.40219.1
Project("{FAE04EC0-301F-11D3-BF4B-00C04F79EFBC}") = "ByteBank", "ByteBank\ByteBank.csproj", "{EB9D39A2-D754-4E03-B52E-CBFC4CC7550F}"
EndProject
Global
	GlobalSection(SolutionConfigurationPlatforms) = preSolution
		Debug|Any CPU = Debug|Any CPU
		Release|Any CPU = Release|Any CPU
	EndGlobalSection
	GlobalSection(ProjectConfigurationPlatforms) = postSolution
		{EB9D39A2-D754-4E03-B52E-CBFC4CC7550F}.Debug|Any CPU.ActiveCfg = Debug|Any CPU
		{EB9D39A2-D754-4E03-B52E-CBFC4CC7550F}.Debug|Any CPU.Build.0 = Debug|Any CPU
		{EB9D39A2-D754-4E03-B52E-CBFC4CC7550F}.Release|Any CPU.ActiveCfg = Release|Any CPU
		{EB9D39A2-D754-4E03-B52E-CBFC4CC7550F}.Release|Any CPU.Build.0 = Release|Any CPU
	EndGlobalSection
	GlobalSection(SolutionProperties) = preSolution
		HideSolutionNode = FALSE
	EndGlobalSection
	GlobalSection(ExtensibilityGlobals) = postSolution
		SolutionGuid = {66FE029C-64C9-4F11-8B97-4CEC920AF6A3}
	EndGlobalSection
EndGlobal
